{
  "name": "s69_caffeine_the_coffee_zoo_experience",
  "version": "1.0.0",
  "lockfileVersion": 3,
  "requires": true,
  "packages": {
    "": {
      "name": "s69_caffeine_the_coffee_zoo_experience",
      "version": "1.0.0",
      "license": "ISC",
      "dependencies": {
        "s69_caffeine_the_coffee_zoo_experience": "file:"
      }
    },
    "node_modules/s69_caffeine_the_coffee_zoo_experience": {
      "resolved": "",
      "link": true
    }
  }
}
